// !$*UTF8*$!
{
	archiveVersion = 1;
	classes = {
	};
	objectVersion = 56;
	objects = {

/* Begin PBXBuildFile section */
		19CCFB532A1FA2CE003B56D1 /* Feature.swift in Sources */ = {isa = PBXBuildFile; fileRef = 19CCFB522A1FA2CE003B56D1 /* Feature.swift */; };
		19CCFB622A1FA74A003B56D1 /* FeatureTest.swift in Sources */ = {isa = PBXBuildFile; fileRef = 19CCFB612A1FA74A003B56D1 /* FeatureTest.swift */; };
		19CCFB642A1FB5AA003B56D1 /* NumberFactClient.swift in Sources */ = {isa = PBXBuildFile; fileRef = 19CCFB632A1FB5AA003B56D1 /* NumberFactClient.swift */; };
		19EF9BA12A12038D0018867B /* tca_sampleApp.swift in Sources */ = {isa = PBXBuildFile; fileRef = 19EF9BA02A12038D0018867B /* tca_sampleApp.swift */; };
		19EF9BA32A12038D0018867B /* FeatureView.swift in Sources */ = {isa = PBXBuildFile; fileRef = 19EF9BA22A12038D0018867B /* FeatureView.swift */; };
		19EF9BA52A12038E0018867B /* Assets.xcassets in Resources */ = {isa = PBXBuildFile; fileRef = 19EF9BA42A12038E0018867B /* Assets.xcassets */; };
		19EF9BA82A12038E0018867B /* Preview Assets.xcassets in Resources */ = {isa = PBXBuildFile; fileRef = 19EF9BA72A12038E0018867B /* Preview Assets.xcassets */; };
		19EF9BB02A1208F20018867B /* ComposableArchitecture in Frameworks */ = {isa = PBXBuildFile; productRef = 19EF9BAF2A1208F20018867B /* ComposableArchitecture */; };
/* End PBXBuildFile section */

/* Begin PBXContainerItemProxy section */
		19CCFB5C2A1FA71F003B56D1 /* PBXContainerItemProxy */ = {
			isa = PBXContainerItemProxy;
			containerPortal = 19EF9B952A12038D0018867B /* Project object */;
			proxyType = 1;
			remoteGlobalIDString = 19EF9B9C2A12038D0018867B;
			remoteInfo = "tca-sample";
		};
/* End PBXContainerItemProxy section */

/* Begin PBXFileReference section */
		19CCFB522A1FA2CE003B56D1 /* Feature.swift */ = {isa = PBXFileReference; lastKnownFileType = sourcecode.swift; path = Feature.swift; sourceTree = "<group>"; };
		19CCFB582A1FA71F003B56D1 /* tca-sampleTests.xctest */ = {isa = PBXFileReference; explicitFileType = wrapper.cfbundle; includeInIndex = 0; path = "tca-sampleTests.xctest"; sourceTree = BUILT_PRODUCTS_DIR; };
		19CCFB612A1FA74A003B56D1 /* FeatureTest.swift */ = {isa = PBXFileReference; lastKnownFileType = sourcecode.swift; path = FeatureTest.swift; sourceTree = "<group>"; };
		19CCFB632A1FB5AA003B56D1 /* NumberFactClient.swift */ = {isa = PBXFileReference; lastKnownFileType = sourcecode.swift; path = NumberFactClient.swift; sourceTree = "<group>"; };
		19EF9B9D2A12038D0018867B /* tca-sample.app */ = {isa = PBXFileReference; explicitFileType = wrapper.application; includeInIndex = 0; path = "tca-sample.app"; sourceTree = BUILT_PRODUCTS_DIR; };
		19EF9BA02A12038D0018867B /* tca_sampleApp.swift */ = {isa = PBXFileReference; lastKnownFileType = sourcecode.swift; path = tca_sampleApp.swift; sourceTree = "<group>"; };
		19EF9BA22A12038D0018867B /* FeatureView.swift */ = {isa = PBXFileReference; lastKnownFileType = sourcecode.swift; path = FeatureView.swift; sourceTree = "<group>"; };
		19EF9BA42A12038E0018867B /* Assets.xcassets */ = {isa = PBXFileReference; lastKnownFileType = folder.assetcatalog; path = Assets.xcassets; sourceTree = "<group>"; };
		19EF9BA72A12038E0018867B /* Preview Assets.xcassets */ = {isa = PBXFileReference; lastKnownFileType = folder.assetcatalog; path = "Preview Assets.xcassets"; sourceTree = "<group>"; };
/* End PBXFileReference section */

/* Begin PBXFrameworksBuildPhase section */
		19CCFB552A1FA71F003B56D1 /* Frameworks */ = {
			isa = PBXFrameworksBuildPhase;
			buildActionMask = 2147483647;
			files = (
			);
			runOnlyForDeploymentPostprocessing = 0;
		};
		19EF9B9A2A12038D0018867B /* Frameworks */ = {
			isa = PBXFrameworksBuildPhase;
			buildActionMask = 2147483647;
			files = (
				19EF9BB02A1208F20018867B /* ComposableArchitecture in Frameworks */,
			);
			runOnlyForDeploymentPostprocessing = 0;
		};
/* End PBXFrameworksBuildPhase section */

/* Begin PBXGroup section */
		19CCFB512A1FA2AE003B56D1 /* Feature */ = {
			isa = PBXGroup;
			children = (
				19EF9BA22A12038D0018867B /* FeatureView.swift */,
				19CCFB522A1FA2CE003B56D1 /* Feature.swift */,
				19CCFB612A1FA74A003B56D1 /* FeatureTest.swift */,
				19CCFB632A1FB5AA003B56D1 /* NumberFactClient.swift */,
			);
			path = Feature;
			sourceTree = "<group>";
		};
		19EF9B942A12038D0018867B = {
			isa = PBXGroup;
			children = (
				19EF9B9F2A12038D0018867B /* tca-sample */,
				19EF9B9E2A12038D0018867B /* Products */,
			);
			sourceTree = "<group>";
		};
		19EF9B9E2A12038D0018867B /* Products */ = {
			isa = PBXGroup;
			children = (
				19EF9B9D2A12038D0018867B /* tca-sample.app */,
				19CCFB582A1FA71F003B56D1 /* tca-sampleTests.xctest */,
			);
			name = Products;
			sourceTree = "<group>";
		};
		19EF9B9F2A12038D0018867B /* tca-sample */ = {
			isa = PBXGroup;
			children = (
				19CCFB512A1FA2AE003B56D1 /* Feature */,
				19EF9BA02A12038D0018867B /* tca_sampleApp.swift */,
				19EF9BA42A12038E0018867B /* Assets.xcassets */,
				19EF9BA62A12038E0018867B /* Preview Content */,
			);
			path = "tca-sample";
			sourceTree = "<group>";
		};
		19EF9BA62A12038E0018867B /* Preview Content */ = {
			isa = PBXGroup;
			children = (
				19EF9BA72A12038E0018867B /* Preview Assets.xcassets */,
			);
			path = "Preview Content";
			sourceTree = "<group>";
		};
/* End PBXGroup section */

/* Begin PBXNativeTarget section */
		19CCFB572A1FA71F003B56D1 /* tca-sampleTests */ = {
			isa = PBXNativeTarget;
			buildConfigurationList = 19CCFB5E2A1FA71F003B56D1 /* Build configuration list for PBXNativeTarget "tca-sampleTests" */;
			buildPhases = (
				19CCFB542A1FA71F003B56D1 /* Sources */,
				19CCFB552A1FA71F003B56D1 /* Frameworks */,
				19CCFB562A1FA71F003B56D1 /* Resources */,
			);
			buildRules = (
			);
			dependencies = (
				19CCFB5D2A1FA71F003B56D1 /* PBXTargetDependency */,
			);
			name = "tca-sampleTests";
			productName = "tca-sampleTests";
			productReference = 19CCFB582A1FA71F003B56D1 /* tca-sampleTests.xctest */;
			productType = "com.apple.product-type.bundle.unit-test";
		};
		19EF9B9C2A12038D0018867B /* tca-sample */ = {
			isa = PBXNativeTarget;
			buildConfigurationList = 19EF9BAB2A12038E0018867B /* Build configuration list for PBXNativeTarget "tca-sample" */;
			buildPhases = (
				19EF9B992A12038D0018867B /* Sources */,
				19EF9B9A2A12038D0018867B /* Frameworks */,
				19EF9B9B2A12038D0018867B /* Resources */,
			);
			buildRules = (
			);
			dependencies = (
			);
			name = "tca-sample";
			packageProductDependencies = (
				19EF9BAF2A1208F20018867B /* ComposableArchitecture */,
			);
			productName = "tca-sample";
			productReference = 19EF9B9D2A12038D0018867B /* tca-sample.app */;
			productType = "com.apple.product-type.application";
		};
/* End PBXNativeTarget section */

/* Begin PBXProject section */
		19EF9B952A12038D0018867B /* Project object */ = {
			isa = PBXProject;
			attributes = {
				BuildIndependentTargetsInParallel = 1;
				LastSwiftUpdateCheck = 1430;
				LastUpgradeCheck = 1430;
				TargetAttributes = {
					19CCFB572A1FA71F003B56D1 = {
						CreatedOnToolsVersion = 14.3;
						TestTargetID = 19EF9B9C2A12038D0018867B;
					};
					19EF9B9C2A12038D0018867B = {
						CreatedOnToolsVersion = 14.3;
					};
				};
			};
			buildConfigurationList = 19EF9B982A12038D0018867B /* Build configuration list for PBXProject "tca-sample" */;
			compatibilityVersion = "Xcode 14.0";
			developmentRegion = en;
			hasScannedForEncodings = 0;
			knownRegions = (
				en,
				Base,
			);
			mainGroup = 19EF9B942A12038D0018867B;
			packageReferences = (
				19EF9BAE2A1208F20018867B /* XCRemoteSwiftPackageReference "swift-composable-architecture" */,
			);
			productRefGroup = 19EF9B9E2A12038D0018867B /* Products */;
			projectDirPath = "";
			projectRoot = "";
			targets = (
				19EF9B9C2A12038D0018867B /* tca-sample */,
				19CCFB572A1FA71F003B56D1 /* tca-sampleTests */,
			);
		};
/* End PBXProject section */

/* Begin PBXResourcesBuildPhase section */
		19CCFB562A1FA71F003B56D1 /* Resources */ = {
			isa = PBXResourcesBuildPhase;
			buildActionMask = 2147483647;
			files = (
			);
			runOnlyForDeploymentPostprocessing = 0;
		};
		19EF9B9B2A12038D0018867B /* Resources */ = {
			isa = PBXResourcesBuildPhase;
			buildActionMask = 2147483647;
			files = (
				19EF9BA82A12038E0018867B /* Preview Assets.xcassets in Resources */,
				19EF9BA52A12038E0018867B /* Assets.xcassets in Resources */,
			);
			runOnlyForDeploymentPostprocessing = 0;
		};
/* End PBXResourcesBuildPhase section */

/* Begin PBXSourcesBuildPhase section */
		19CCFB542A1FA71F003B56D1 /* Sources */ = {
			isa = PBXSourcesBuildPhase;
			buildActionMask = 2147483647;
			files = (
				19CCFB622A1FA74A003B56D1 /* FeatureTest.swift in Sources */,
			);
			runOnlyForDeploymentPostprocessing = 0;
		};
		19EF9B992A12038D0018867B /* Sources */ = {
			isa = PBXSourcesBuildPhase;
			buildActionMask = 2147483647;
			files = (
				19CCFB532A1FA2CE003B56D1 /* Feature.swift in Sources */,
				19EF9BA32A12038D0018867B /* FeatureView.swift in Sources */,
				19EF9BA12A12038D0018867B /* tca_sampleApp.swift in Sources */,
				19CCFB642A1FB5AA003B56D1 /* NumberFactClient.swift in Sources */,
			);
			runOnlyForDeploymentPostprocessing = 0;
		};
/* End PBXSourcesBuildPhase section */

/* Begin PBXTargetDependency section */
		19CCFB5D2A1FA71F003B56D1 /* PBXTargetDependency */ = {
			isa = PBXTargetDependency;
			target = 19EF9B9C2A12038D0018867B /* tca-sample */;
			targetProxy = 19CCFB5C2A1FA71F003B56D1 /* PBXContainerItemProxy */;
		};
/* End PBXTargetDependency section */

/* Begin XCBuildConfiguration section */
		19CCFB5F2A1FA71F003B56D1 /* Debug */ = {
			isa = XCBuildConfiguration;
			buildSettings = {
				BUNDLE_LOADER = "$(TEST_HOST)";
				CODE_SIGN_STYLE = Automatic;
				CURRENT_PROJECT_VERSION = 1;
				DEVELOPMENT_TEAM = 56787CM63P;
				GENERATE_INFOPLIST_FILE = YES;
				MARKETING_VERSION = 1.0;
				PRODUCT_BUNDLE_IDENTIFIER = "com.tosh7.tca-sampleTests";
				PRODUCT_NAME = "$(TARGET_NAME)";
				SWIFT_EMIT_LOC_STRINGS = NO;
				SWIFT_VERSION = 5.0;
				TARGETED_DEVICE_FAMILY = "1,2";
				TEST_HOST = "$(BUILT_PRODUCTS_DIR)/tca-sample.app/$(BUNDLE_EXECUTABLE_FOLDER_PATH)/tca-sample";
			};
			name = Debug;
		};
		19CCFB602A1FA71F003B56D1 /* Release */ = {
			isa = XCBuildConfiguration;
			buildSettings = {
				BUNDLE_LOADER = "$(TEST_HOST)";
				CODE_SIGN_STYLE = Automatic;
				CURRENT_PROJECT_VERSION = 1;
				DEVELOPMENT_TEAM = 56787CM63P;
				GENERATE_INFOPLIST_FILE = YES;
				MARKETING_VERSION = 1.0;
				PRODUCT_BUNDLE_IDENTIFIER = "com.tosh7.tca-sampleTests";
				PRODUCT_NAME = "$(TARGET_NAME)";
				SWIFT_EMIT_LOC_STRINGS = NO;
				SWIFT_VERSION = 5.0;
				TARGETED_DEVICE_FAMILY = "1,2";
				TEST_HOST = "$(BUILT_PRODUCTS_DIR)/tca-sample.app/$(BUNDLE_EXECUTABLE_FOLDER_PATH)/tca-sample";
			};
			name = Release;
		};
		19EF9BA92A12038E0018867B /* Debug */ = {
			isa = XCBuildConfiguration;
			buildSettings = {
				ALWAYS_SEARCH_USER_PATHS = NO;
				CLANG_ANALYZER_NONNULL = YES;
				CLANG_ANALYZER_NUMBER_OBJECT_CONVERSION = YES_AGGRESSIVE;
				CLANG_CXX_LANGUAGE_STANDARD = "gnu++20";
				CLANG_ENABLE_MODULES = YES;
				CLANG_ENABLE_OBJC_ARC = YES;
				CLANG_ENABLE_OBJC_WEAK = YES;
				CLANG_WARN_BLOCK_CAPTURE_AUTORELEASING = YES;
				CLANG_WARN_BOOL_CONVERSION = YES;
				CLANG_WARN_COMMA = YES;
				CLANG_WARN_CONSTANT_CONVERSION = YES;
				CLANG_WARN_DEPRECATED_OBJC_IMPLEMENTATIONS = YES;
				CLANG_WARN_DIRECT_OBJC_ISA_USAGE = YES_ERROR;
				CLANG_WARN_DOCUMENTATION_COMMENTS = YES;
				CLANG_WARN_EMPTY_BODY = YES;
				CLANG_WARN_ENUM_CONVERSION = YES;
				CLANG_WARN_INFINITE_RECURSION = YES;
				CLANG_WARN_INT_CONVERSION = YES;
				CLANG_WARN_NON_LITERAL_NULL_CONVERSION = YES;
				CLANG_WARN_OBJC_IMPLICIT_RETAIN_SELF = YES;
				CLANG_WARN_OBJC_LITERAL_CONVERSION = YES;
				CLANG_WARN_OBJC_ROOT_CLASS = YES_ERROR;
				CLANG_WARN_QUOTED_INCLUDE_IN_FRAMEWORK_HEADER = YES;
				CLANG_WARN_RANGE_LOOP_ANALYSIS = YES;
				CLANG_WARN_STRICT_PROTOTYPES = YES;
				CLANG_WARN_SUSPICIOUS_MOVE = YES;
				CLANG_WARN_UNGUARDED_AVAILABILITY = YES_AGGRESSIVE;
				CLANG_WARN_UNREACHABLE_CODE = YES;
				CLANG_WARN__DUPLICATE_METHOD_MATCH = YES;
				COPY_PHASE_STRIP = NO;
				DEBUG_INFORMATION_FORMAT = dwarf;
				ENABLE_STRICT_OBJC_MSGSEND = YES;
				ENABLE_TESTABILITY = YES;
				GCC_C_LANGUAGE_STANDARD = gnu11;
				GCC_DYNAMIC_NO_PIC = NO;
				GCC_NO_COMMON_BLOCKS = YES;
				GCC_OPTIMIZATION_LEVEL = 0;
				GCC_PREPROCESSOR_DEFINITIONS = (
					"DEBUG=1",
					"$(inherited)",
				);
				GCC_WARN_64_TO_32_BIT_CONVERSION = YES;
				GCC_WARN_ABOUT_RETURN_TYPE = YES_ERROR;
				GCC_WARN_UNDECLARED_SELECTOR = YES;
				GCC_WARN_UNINITIALIZED_AUTOS = YES_AGGRESSIVE;
				GCC_WARN_UNUSED_FUNCTION = YES;
				GCC_WARN_UNUSED_VARIABLE = YES;
				IPHONEOS_DEPLOYMENT_TARGET = 16.4;
				MTL_ENABLE_DEBUG_INFO = INCLUDE_SOURCE;
				MTL_FAST_MATH = YES;
				ONLY_ACTIVE_ARCH = YES;
				SDKROOT = iphoneos;
				SWIFT_ACTIVE_COMPILATION_CONDITIONS = DEBUG;
				SWIFT_OPTIMIZATION_LEVEL = "-Onone";
			};
			name = Debug;
		};
		19EF9BAA2A12038E0018867B /* Release */ = {
			isa = XCBuildConfiguration;
			buildSettings = {
				ALWAYS_SEARCH_USER_PATHS = NO;
				CLANG_ANALYZER_NONNULL = YES;
				CLANG_ANALYZER_NUMBER_OBJECT_CONVERSION = YES_AGGRESSIVE;
				CLANG_CXX_LANGUAGE_STANDARD = "gnu++20";
				CLANG_ENABLE_MODULES = YES;
				CLANG_ENABLE_OBJC_ARC = YES;
				CLANG_ENABLE_OBJC_WEAK = YES;
				CLANG_WARN_BLOCK_CAPTURE_AUTORELEASING = YES;
				CLANG_WARN_BOOL_CONVERSION = YES;
				CLANG_WARN_COMMA = YES;
				CLANG_WARN_CONSTANT_CONVERSION = YES;
				CLANG_WARN_DEPRECATED_OBJC_IMPLEMENTATIONS = YES;
				CLANG_WARN_DIRECT_OBJC_ISA_USAGE = YES_ERROR;
				CLANG_WARN_DOCUMENTATION_COMMENTS = YES;
				CLANG_WARN_EMPTY_BODY = YES;
				CLANG_WARN_ENUM_CONVERSION = YES;
				CLANG_WARN_INFINITE_RECURSION = YES;
				CLANG_WARN_INT_CONVERSION = YES;
				CLANG_WARN_NON_LITERAL_NULL_CONVERSION = YES;
				CLANG_WARN_OBJC_IMPLICIT_RETAIN_SELF = YES;
				CLANG_WARN_OBJC_LITERAL_CONVERSION = YES;
				CLANG_WARN_OBJC_ROOT_CLASS = YES_ERROR;
				CLANG_WARN_QUOTED_INCLUDE_IN_FRAMEWORK_HEADER = YES;
				CLANG_WARN_RANGE_LOOP_ANALYSIS = YES;
				CLANG_WARN_STRICT_PROTOTYPES = YES;
				CLANG_WARN_SUSPICIOUS_MOVE = YES;
				CLANG_WARN_UNGUARDED_AVAILABILITY = YES_AGGRESSIVE;
				CLANG_WARN_UNREACHABLE_CODE = YES;
				CLANG_WARN__DUPLICATE_METHOD_MATCH = YES;
				COPY_PHASE_STRIP = NO;
				DEBUG_INFORMATION_FORMAT = "dwarf-with-dsym";
				ENABLE_NS_ASSERTIONS = NO;
				ENABLE_STRICT_OBJC_MSGSEND = YES;
				GCC_C_LANGUAGE_STANDARD = gnu11;
				GCC_NO_COMMON_BLOCKS = YES;
				GCC_WARN_64_TO_32_BIT_CONVERSION = YES;
				GCC_WARN_ABOUT_RETURN_TYPE = YES_ERROR;
				GCC_WARN_UNDECLARED_SELECTOR = YES;
				GCC_WARN_UNINITIALIZED_AUTOS = YES_AGGRESSIVE;
				GCC_WARN_UNUSED_FUNCTION = YES;
				GCC_WARN_UNUSED_VARIABLE = YES;
				IPHONEOS_DEPLOYMENT_TARGET = 16.4;
				MTL_ENABLE_DEBUG_INFO = NO;
				MTL_FAST_MATH = YES;
				SDKROOT = iphoneos;
				SWIFT_COMPILATION_MODE = wholemodule;
				SWIFT_OPTIMIZATION_LEVEL = "-O";
				VALIDATE_PRODUCT = YES;
			};
			name = Release;
		};
		19EF9BAC2A12038E0018867B /* Debug */ = {
			isa = XCBuildConfiguration;
			buildSettings = {
				ASSETCATALOG_COMPILER_APPICON_NAME = AppIcon;
				ASSETCATALOG_COMPILER_GLOBAL_ACCENT_COLOR_NAME = AccentColor;
				CODE_SIGN_STYLE = Automatic;
				CURRENT_PROJECT_VERSION = 1;
				DEVELOPMENT_ASSET_PATHS = "\"tca-sample/Preview Content\"";
				DEVELOPMENT_TEAM = 56787CM63P;
				ENABLE_PREVIEWS = YES;
				GENERATE_INFOPLIST_FILE = YES;
				INFOPLIST_KEY_UIApplicationSceneManifest_Generation = YES;
				INFOPLIST_KEY_UIApplicationSupportsIndirectInputEvents = YES;
				INFOPLIST_KEY_UILaunchScreen_Generation = YES;
				INFOPLIST_KEY_UISupportedInterfaceOrientations_iPad = "UIInterfaceOrientationPortrait UIInterfaceOrientationPortraitUpsideDown UIInterfaceOrientationLandscapeLeft UIInterfaceOrientationLandscapeRight";
				INFOPLIST_KEY_UISupportedInterfaceOrientations_iPhone = "UIInterfaceOrientationPortrait UIInterfaceOrientationLandscapeLeft UIInterfaceOrientationLandscapeRight";
				LD_RUNPATH_SEARCH_PATHS = (
					"$(inherited)",
					"@executable_path/Frameworks",
				);
				MARKETING_VERSION = 1.0;
				PRODUCT_BUNDLE_IDENTIFIER = "com.tosh7.tca-sample";
				PRODUCT_NAME = "$(TARGET_NAME)";
				SWIFT_EMIT_LOC_STRINGS = YES;
				SWIFT_VERSION = 5.0;
				TARGETED_DEVICE_FAMILY = "1,2";
			};
			name = Debug;
		};
		19EF9BAD2A12038E0018867B /* Release */ = {
			isa = XCBuildConfiguration;
			buildSettings = {
				ASSETCATALOG_COMPILER_APPICON_NAME = AppIcon;
				ASSETCATALOG_COMPILER_GLOBAL_ACCENT_COLOR_NAME = AccentColor;
				CODE_SIGN_STYLE = Automatic;
				CURRENT_PROJECT_VERSION = 1;
				DEVELOPMENT_ASSET_PATHS = "\"tca-sample/Preview Content\"";
				DEVELOPMENT_TEAM = 56787CM63P;
				ENABLE_PREVIEWS = YES;
				GENERATE_INFOPLIST_FILE = YES;
				INFOPLIST_KEY_UIApplicationSceneManifest_Generation = YES;
				INFOPLIST_KEY_UIApplicationSupportsIndirectInputEvents = YES;
				INFOPLIST_KEY_UILaunchScreen_Generation = YES;
				INFOPLIST_KEY_UISupportedInterfaceOrientations_iPad = "UIInterfaceOrientationPortrait UIInterfaceOrientationPortraitUpsideDown UIInterfaceOrientationLandscapeLeft UIInterfaceOrientationLandscapeRight";
				INFOPLIST_KEY_UISupportedInterfaceOrientations_iPhone = "UIInterfaceOrientationPortrait UIInterfaceOrientationLandscapeLeft UIInterfaceOrientationLandscapeRight";
				LD_RUNPATH_SEARCH_PATHS = (
					"$(inherited)",
					"@executable_path/Frameworks",
				);
				MARKETING_VERSION = 1.0;
				PRODUCT_BUNDLE_IDENTIFIER = "com.tosh7.tca-sample";
				PRODUCT_NAME = "$(TARGET_NAME)";
				SWIFT_EMIT_LOC_STRINGS = YES;
				SWIFT_VERSION = 5.0;
				TARGETED_DEVICE_FAMILY = "1,2";
			};
			name = Release;
		};
/* End XCBuildConfiguration section */

/* Begin XCConfigurationList section */
		19CCFB5E2A1FA71F003B56D1 /* Build configuration list for PBXNativeTarget "tca-sampleTests" */ = {
			isa = XCConfigurationList;
			buildConfigurations = (
				19CCFB5F2A1FA71F003B56D1 /* Debug */,
				19CCFB602A1FA71F003B56D1 /* Release */,
			);
			defaultConfigurationIsVisible = 0;
			defaultConfigurationName = Release;
		};
		19EF9B982A12038D0018867B /* Build configuration list for PBXProject "tca-sample" */ = {
			isa = XCConfigurationList;
			buildConfigurations = (
				19EF9BA92A12038E0018867B /* Debug */,
				19EF9BAA2A12038E0018867B /* Release */,
			);
			defaultConfigurationIsVisible = 0;
			defaultConfigurationName = Release;
		};
		19EF9BAB2A12038E0018867B /* Build configuration list for PBXNativeTarget "tca-sample" */ = {
			isa = XCConfigurationList;
			buildConfigurations = (
				19EF9BAC2A12038E0018867B /* Debug */,
				19EF9BAD2A12038E0018867B /* Release */,
			);
			defaultConfigurationIsVisible = 0;
			defaultConfigurationName = Release;
		};
/* End XCConfigurationList section */

/* Begin XCRemoteSwiftPackageReference section */
		19EF9BAE2A1208F20018867B /* XCRemoteSwiftPackageReference "swift-composable-architecture" */ = {
			isa = XCRemoteSwiftPackageReference;
			repositoryURL = "https://github.com/pointfreeco/swift-composable-architecture";
			requirement = {
				kind = upToNextMajorVersion;
				minimumVersion = 0.53.0;
			};
		};
/* End XCRemoteSwiftPackageReference section */

/* Begin XCSwiftPackageProductDependency section */
		19EF9BAF2A1208F20018867B /* ComposableArchitecture */ = {
			isa = XCSwiftPackageProductDependency;
			package = 19EF9BAE2A1208F20018867B /* XCRemoteSwiftPackageReference "swift-composable-architecture" */;
			productName = ComposableArchitecture;
		};
/* End XCSwiftPackageProductDependency section */
	};
	rootObject = 19EF9B952A12038D0018867B /* Project object */;
}
